
Microsoft Visual Studio Solution File, Format Version 12.00
# Visual Studio Version 16
VisualStudioVersion = 25.0.1705.7
MinimumVisualStudioVersion = 10.0.40219.1
Project("{FAE04EC0-301F-11D3-BF4B-00C04F79EFBC}") = "TestRuleEngineWorkFlow", "TestRuleEngineWorkFlow.csproj", "{CFDACEFB-BF26-4722-A0D1-D807632DA87A}"
EndProject
Global
	GlobalSection(SolutionConfigurationPlatforms) = preSolution
		Debug|Any CPU = Debug|Any CPU
		Release|Any CPU = Release|Any CPU
	EndGlobalSection
	GlobalSection(ProjectConfigurationPlatforms) = postSolution
		{CFDACEFB-BF26-4722-A0D1-D807632DA87A}.Debug|Any CPU.ActiveCfg = Debug|Any CPU
		{CFDACEFB-BF26-4722-A0D1-D807632DA87A}.Debug|Any CPU.Build.0 = Debug|Any CPU
		{CFDACEFB-BF26-4722-A0D1-D807632DA87A}.Release|Any CPU.ActiveCfg = Release|Any CPU
		{CFDACEFB-BF26-4722-A0D1-D807632DA87A}.Release|Any CPU.Build.0 = Release|Any CPU
	EndGlobalSection
	GlobalSection(SolutionProperties) = preSolution
		HideSolutionNode = FALSE
	EndGlobalSection
	GlobalSection(ExtensibilityGlobals) = postSolution
		SolutionGuid = {32887318-FB8E-4992-8BF6-6924B3020126}
	EndGlobalSection
EndGlobal
